<Solution>
  <Folder Name="/samples/">
    <Project Path="samples/RichMarkdownPad.HostApp/RichMarkdownPad.HostApp.csproj" />
  </Folder>
  <Folder Name="/src/">
    <Project Path="src/RichMarkdownPad.Controller/RichMarkdownPad.Controller.csproj" />
  </Folder>
  <Folder Name="/tests/">
    <Project Path="tests/RichMarkdownPad.HostApp.Tests/RichMarkdownPad.HostApp.Tests.csproj" />
  </Folder>
</Solution>
